// !$*UTF8*$!
{
	archiveVersion = 1;
	classes = {
	};
	objectVersion = 52;
	objects = {

/* Begin PBXBuildFile section */
		EB0F7AC825E82B2800CA1356 /* main.swift in Sources */ = {isa = PBXBuildFile; fileRef = EB0F7AC725E82B2800CA1356 /* main.swift */; };
		EB0F7AD725E8305A00CA1356 /* ArgumentParser in Frameworks */ = {isa = PBXBuildFile; productRef = EB0F7AD625E8305A00CA1356 /* ArgumentParser */; };
		EB0F7ADC25E8CC7800CA1356 /* InputParser.swift in Sources */ = {isa = PBXBuildFile; fileRef = EB0F7ADB25E8CC7800CA1356 /* InputParser.swift */; };
		EB0F7ADF25E8CCE100CA1356 /* CSVInputParser.swift in Sources */ = {isa = PBXBuildFile; fileRef = EB0F7ADE25E8CCE000CA1356 /* CSVInputParser.swift */; };
		EB0F7AF125EAF2BD00CA1356 /* TemplateRunner.swift in Sources */ = {isa = PBXBuildFile; fileRef = EB0F7AF025EAF2BD00CA1356 /* TemplateRunner.swift */; };
		EB0F7AFC25EAFEB900CA1356 /* Stencil in Frameworks */ = {isa = PBXBuildFile; productRef = EB0F7AFB25EAFEB900CA1356 /* Stencil */; };
		EB0F7B0625EB050C00CA1356 /* CSVInputParser_tests.swift in Sources */ = {isa = PBXBuildFile; fileRef = EB0F7B0525EB050C00CA1356 /* CSVInputParser_tests.swift */; };
		EB0F7B0D25EB064500CA1356 /* CSVInputParser.swift in Sources */ = {isa = PBXBuildFile; fileRef = EB0F7ADE25E8CCE000CA1356 /* CSVInputParser.swift */; };
		EB0F7B1025EB065300CA1356 /* InputParser.swift in Sources */ = {isa = PBXBuildFile; fileRef = EB0F7ADB25E8CC7800CA1356 /* InputParser.swift */; };
/* End PBXBuildFile section */

/* Begin PBXCopyFilesBuildPhase section */
		EB0F7AC225E82B2800CA1356 /* CopyFiles */ = {
			isa = PBXCopyFilesBuildPhase;
			buildActionMask = 2147483647;
			dstPath = /usr/share/man/man1/;
			dstSubfolderSpec = 0;
			files = (
			);
			runOnlyForDeploymentPostprocessing = 1;
		};
/* End PBXCopyFilesBuildPhase section */

/* Begin PBXFileReference section */
		EB0F7AC425E82B2800CA1356 /* template-runner */ = {isa = PBXFileReference; explicitFileType = "compiled.mach-o.executable"; includeInIndex = 0; path = "template-runner"; sourceTree = BUILT_PRODUCTS_DIR; };
		EB0F7AC725E82B2800CA1356 /* main.swift */ = {isa = PBXFileReference; lastKnownFileType = sourcecode.swift; path = main.swift; sourceTree = "<group>"; };
		EB0F7AD325E82E5400CA1356 /* test.template */ = {isa = PBXFileReference; explicitFileType = text; path = test.template; sourceTree = "<group>"; };
		EB0F7AD925E8C8C400CA1356 /* testinput.csv */ = {isa = PBXFileReference; lastKnownFileType = text; path = testinput.csv; sourceTree = "<group>"; };
		EB0F7ADB25E8CC7800CA1356 /* InputParser.swift */ = {isa = PBXFileReference; lastKnownFileType = sourcecode.swift; path = InputParser.swift; sourceTree = "<group>"; };
		EB0F7ADE25E8CCE000CA1356 /* CSVInputParser.swift */ = {isa = PBXFileReference; lastKnownFileType = sourcecode.swift; path = CSVInputParser.swift; sourceTree = "<group>"; };
		EB0F7AF025EAF2BD00CA1356 /* TemplateRunner.swift */ = {isa = PBXFileReference; lastKnownFileType = sourcecode.swift; path = TemplateRunner.swift; sourceTree = "<group>"; };
		EB0F7B0325EB050C00CA1356 /* templaterunner_tests.xctest */ = {isa = PBXFileReference; explicitFileType = wrapper.cfbundle; includeInIndex = 0; path = templaterunner_tests.xctest; sourceTree = BUILT_PRODUCTS_DIR; };
		EB0F7B0525EB050C00CA1356 /* CSVInputParser_tests.swift */ = {isa = PBXFileReference; lastKnownFileType = sourcecode.swift; path = CSVInputParser_tests.swift; sourceTree = "<group>"; };
		EB0F7B0725EB050C00CA1356 /* Info.plist */ = {isa = PBXFileReference; lastKnownFileType = text.plist.xml; path = Info.plist; sourceTree = "<group>"; };
/* End PBXFileReference section */

/* Begin PBXFrameworksBuildPhase section */
		EB0F7AC125E82B2800CA1356 /* Frameworks */ = {
			isa = PBXFrameworksBuildPhase;
			buildActionMask = 2147483647;
			files = (
				EB0F7AFC25EAFEB900CA1356 /* Stencil in Frameworks */,
				EB0F7AD725E8305A00CA1356 /* ArgumentParser in Frameworks */,
			);
			runOnlyForDeploymentPostprocessing = 0;
		};
		EB0F7B0025EB050C00CA1356 /* Frameworks */ = {
			isa = PBXFrameworksBuildPhase;
			buildActionMask = 2147483647;
			files = (
			);
			runOnlyForDeploymentPostprocessing = 0;
		};
/* End PBXFrameworksBuildPhase section */

/* Begin PBXGroup section */
		EB0F7ABB25E82B2800CA1356 = {
			isa = PBXGroup;
			children = (
				EB5424F826149B760034B49C /* testfiles */,
				EB0F7AE125EAEB6500CA1356 /* bin */,
				EB0F7AC625E82B2800CA1356 /* TemplateRunner */,
				EB0F7B0425EB050C00CA1356 /* templaterunner_tests */,
				EB0F7AC525E82B2800CA1356 /* Products */,
			);
			sourceTree = "<group>";
		};
		EB0F7AC525E82B2800CA1356 /* Products */ = {
			isa = PBXGroup;
			children = (
				EB0F7AC425E82B2800CA1356 /* template-runner */,
				EB0F7B0325EB050C00CA1356 /* templaterunner_tests.xctest */,
			);
			name = Products;
			sourceTree = "<group>";
		};
		EB0F7AC625E82B2800CA1356 /* TemplateRunner */ = {
			isa = PBXGroup;
			children = (
				EB0F7AC725E82B2800CA1356 /* main.swift */,
				EB0F7ADB25E8CC7800CA1356 /* InputParser.swift */,
				EB0F7ADE25E8CCE000CA1356 /* CSVInputParser.swift */,
				EB0F7AF025EAF2BD00CA1356 /* TemplateRunner.swift */,
			);
			path = TemplateRunner;
			sourceTree = "<group>";
		};
		EB0F7AE125EAEB6500CA1356 /* bin */ = {
			isa = PBXGroup;
			children = (
			);
			path = bin;
			sourceTree = "<group>";
		};
		EB0F7B0425EB050C00CA1356 /* templaterunner_tests */ = {
			isa = PBXGroup;
			children = (
				EB0F7B0525EB050C00CA1356 /* CSVInputParser_tests.swift */,
				EB0F7B0725EB050C00CA1356 /* Info.plist */,
			);
			path = templaterunner_tests;
			sourceTree = "<group>";
		};
		EB5424F826149B760034B49C /* testfiles */ = {
			isa = PBXGroup;
			children = (
				EB0F7AD925E8C8C400CA1356 /* testinput.csv */,
				EB0F7AD325E82E5400CA1356 /* test.template */,
			);
			path = testfiles;
			sourceTree = "<group>";
		};
/* End PBXGroup section */

/* Begin PBXNativeTarget section */
		EB0F7AC325E82B2800CA1356 /* template-runner */ = {
			isa = PBXNativeTarget;
			buildConfigurationList = EB0F7ACB25E82B2800CA1356 /* Build configuration list for PBXNativeTarget "template-runner" */;
			buildPhases = (
				EB0F7AC025E82B2800CA1356 /* Sources */,
				EB0F7AC125E82B2800CA1356 /* Frameworks */,
				EB0F7AC225E82B2800CA1356 /* CopyFiles */,
				EB0F7AE225EAEB9000CA1356 /* ShellScript */,
			);
			buildRules = (
			);
			dependencies = (
			);
			name = "template-runner";
			packageProductDependencies = (
				EB0F7AD625E8305A00CA1356 /* ArgumentParser */,
				EB0F7AFB25EAFEB900CA1356 /* Stencil */,
			);
			productName = TemplateReplacer;
			productReference = EB0F7AC425E82B2800CA1356 /* template-runner */;
			productType = "com.apple.product-type.tool";
		};
		EB0F7B0225EB050C00CA1356 /* templaterunner_tests */ = {
			isa = PBXNativeTarget;
			buildConfigurationList = EB0F7B0825EB050C00CA1356 /* Build configuration list for PBXNativeTarget "templaterunner_tests" */;
			buildPhases = (
				EB0F7AFF25EB050C00CA1356 /* Sources */,
				EB0F7B0025EB050C00CA1356 /* Frameworks */,
				EB0F7B0125EB050C00CA1356 /* Resources */,
			);
			buildRules = (
			);
			dependencies = (
			);
			name = templaterunner_tests;
			productName = templaterunner_tests;
			productReference = EB0F7B0325EB050C00CA1356 /* templaterunner_tests.xctest */;
			productType = "com.apple.product-type.bundle.unit-test";
		};
/* End PBXNativeTarget section */

/* Begin PBXProject section */
		EB0F7ABC25E82B2800CA1356 /* Project object */ = {
			isa = PBXProject;
			attributes = {
				LastSwiftUpdateCheck = 1240;
				LastUpgradeCheck = 1240;
				TargetAttributes = {
					EB0F7AC325E82B2800CA1356 = {
						CreatedOnToolsVersion = 12.4;
					};
					EB0F7B0225EB050C00CA1356 = {
						CreatedOnToolsVersion = 12.4;
					};
				};
			};
			buildConfigurationList = EB0F7ABF25E82B2800CA1356 /* Build configuration list for PBXProject "TemplateRunner" */;
			compatibilityVersion = "Xcode 9.3";
			developmentRegion = en;
			hasScannedForEncodings = 0;
			knownRegions = (
				en,
				Base,
			);
			mainGroup = EB0F7ABB25E82B2800CA1356;
			packageReferences = (
				EB0F7AD525E8305A00CA1356 /* XCRemoteSwiftPackageReference "swift-argument-parser" */,
				EB0F7AFA25EAFEB900CA1356 /* XCRemoteSwiftPackageReference "Stencil" */,
			);
			productRefGroup = EB0F7AC525E82B2800CA1356 /* Products */;
			projectDirPath = "";
			projectRoot = "";
			targets = (
				EB0F7AC325E82B2800CA1356 /* template-runner */,
				EB0F7B0225EB050C00CA1356 /* templaterunner_tests */,
			);
		};
/* End PBXProject section */

/* Begin PBXResourcesBuildPhase section */
		EB0F7B0125EB050C00CA1356 /* Resources */ = {
			isa = PBXResourcesBuildPhase;
			buildActionMask = 2147483647;
			files = (
			);
			runOnlyForDeploymentPostprocessing = 0;
		};
/* End PBXResourcesBuildPhase section */

/* Begin PBXShellScriptBuildPhase section */
		EB0F7AE225EAEB9000CA1356 /* ShellScript */ = {
			isa = PBXShellScriptBuildPhase;
			buildActionMask = 2147483647;
			files = (
			);
			inputFileListPaths = (
			);
			inputPaths = (
			);
			outputFileListPaths = (
			);
			outputPaths = (
			);
			runOnlyForDeploymentPostprocessing = 0;
			shellPath = /bin/sh;
			shellScript = "cp ${BUILT_PRODUCTS_DIR}/${PRODUCT_NAME} ${PROJECT_DIR}/bin/${PRODUCT_NAME}\n";
		};
/* End PBXShellScriptBuildPhase section */

/* Begin PBXSourcesBuildPhase section */
		EB0F7AC025E82B2800CA1356 /* Sources */ = {
			isa = PBXSourcesBuildPhase;
			buildActionMask = 2147483647;
			files = (
				EB0F7AC825E82B2800CA1356 /* main.swift in Sources */,
				EB0F7AF125EAF2BD00CA1356 /* TemplateRunner.swift in Sources */,
				EB0F7ADF25E8CCE100CA1356 /* CSVInputParser.swift in Sources */,
				EB0F7ADC25E8CC7800CA1356 /* InputParser.swift in Sources */,
			);
			runOnlyForDeploymentPostprocessing = 0;
		};
		EB0F7AFF25EB050C00CA1356 /* Sources */ = {
			isa = PBXSourcesBuildPhase;
			buildActionMask = 2147483647;
			files = (
				EB0F7B0D25EB064500CA1356 /* CSVInputParser.swift in Sources */,
				EB0F7B0625EB050C00CA1356 /* CSVInputParser_tests.swift in Sources */,
				EB0F7B1025EB065300CA1356 /* InputParser.swift in Sources */,
			);
			runOnlyForDeploymentPostprocessing = 0;
		};
/* End PBXSourcesBuildPhase section */

/* Begin XCBuildConfiguration section */
		EB0F7AC925E82B2800CA1356 /* Debug */ = {
			isa = XCBuildConfiguration;
			buildSettings = {
				ALWAYS_SEARCH_USER_PATHS = NO;
				CLANG_ANALYZER_NONNULL = YES;
				CLANG_ANALYZER_NUMBER_OBJECT_CONVERSION = YES_AGGRESSIVE;
				CLANG_CXX_LANGUAGE_STANDARD = "gnu++14";
				CLANG_CXX_LIBRARY = "libc++";
				CLANG_ENABLE_MODULES = YES;
				CLANG_ENABLE_OBJC_ARC = YES;
				CLANG_ENABLE_OBJC_WEAK = YES;
				CLANG_WARN_BLOCK_CAPTURE_AUTORELEASING = YES;
				CLANG_WARN_BOOL_CONVERSION = YES;
				CLANG_WARN_COMMA = YES;
				CLANG_WARN_CONSTANT_CONVERSION = YES;
				CLANG_WARN_DEPRECATED_OBJC_IMPLEMENTATIONS = YES;
				CLANG_WARN_DIRECT_OBJC_ISA_USAGE = YES_ERROR;
				CLANG_WARN_DOCUMENTATION_COMMENTS = YES;
				CLANG_WARN_EMPTY_BODY = YES;
				CLANG_WARN_ENUM_CONVERSION = YES;
				CLANG_WARN_INFINITE_RECURSION = YES;
				CLANG_WARN_INT_CONVERSION = YES;
				CLANG_WARN_NON_LITERAL_NULL_CONVERSION = YES;
				CLANG_WARN_OBJC_IMPLICIT_RETAIN_SELF = YES;
				CLANG_WARN_OBJC_LITERAL_CONVERSION = YES;
				CLANG_WARN_OBJC_ROOT_CLASS = YES_ERROR;
				CLANG_WARN_QUOTED_INCLUDE_IN_FRAMEWORK_HEADER = YES;
				CLANG_WARN_RANGE_LOOP_ANALYSIS = YES;
				CLANG_WARN_STRICT_PROTOTYPES = YES;
				CLANG_WARN_SUSPICIOUS_MOVE = YES;
				CLANG_WARN_UNGUARDED_AVAILABILITY = YES_AGGRESSIVE;
				CLANG_WARN_UNREACHABLE_CODE = YES;
				CLANG_WARN__DUPLICATE_METHOD_MATCH = YES;
				COPY_PHASE_STRIP = NO;
				DEBUG_INFORMATION_FORMAT = dwarf;
				ENABLE_STRICT_OBJC_MSGSEND = YES;
				ENABLE_TESTABILITY = YES;
				GCC_C_LANGUAGE_STANDARD = gnu11;
				GCC_DYNAMIC_NO_PIC = NO;
				GCC_NO_COMMON_BLOCKS = YES;
				GCC_OPTIMIZATION_LEVEL = 0;
				GCC_PREPROCESSOR_DEFINITIONS = (
					"DEBUG=1",
					"$(inherited)",
				);
				GCC_WARN_64_TO_32_BIT_CONVERSION = YES;
				GCC_WARN_ABOUT_RETURN_TYPE = YES_ERROR;
				GCC_WARN_UNDECLARED_SELECTOR = YES;
				GCC_WARN_UNINITIALIZED_AUTOS = YES_AGGRESSIVE;
				GCC_WARN_UNUSED_FUNCTION = YES;
				GCC_WARN_UNUSED_VARIABLE = YES;
				MACOSX_DEPLOYMENT_TARGET = 11.1;
				MTL_ENABLE_DEBUG_INFO = INCLUDE_SOURCE;
				MTL_FAST_MATH = YES;
				ONLY_ACTIVE_ARCH = YES;
				SDKROOT = macosx;
				SWIFT_ACTIVE_COMPILATION_CONDITIONS = DEBUG;
				SWIFT_OPTIMIZATION_LEVEL = "-Onone";
			};
			name = Debug;
		};
		EB0F7ACA25E82B2800CA1356 /* Release */ = {
			isa = XCBuildConfiguration;
			buildSettings = {
				ALWAYS_SEARCH_USER_PATHS = NO;
				CLANG_ANALYZER_NONNULL = YES;
				CLANG_ANALYZER_NUMBER_OBJECT_CONVERSION = YES_AGGRESSIVE;
				CLANG_CXX_LANGUAGE_STANDARD = "gnu++14";
				CLANG_CXX_LIBRARY = "libc++";
				CLANG_ENABLE_MODULES = YES;
				CLANG_ENABLE_OBJC_ARC = YES;
				CLANG_ENABLE_OBJC_WEAK = YES;
				CLANG_WARN_BLOCK_CAPTURE_AUTORELEASING = YES;
				CLANG_WARN_BOOL_CONVERSION = YES;
				CLANG_WARN_COMMA = YES;
				CLANG_WARN_CONSTANT_CONVERSION = YES;
				CLANG_WARN_DEPRECATED_OBJC_IMPLEMENTATIONS = YES;
				CLANG_WARN_DIRECT_OBJC_ISA_USAGE = YES_ERROR;
				CLANG_WARN_DOCUMENTATION_COMMENTS = YES;
				CLANG_WARN_EMPTY_BODY = YES;
				CLANG_WARN_ENUM_CONVERSION = YES;
				CLANG_WARN_INFINITE_RECURSION = YES;
				CLANG_WARN_INT_CONVERSION = YES;
				CLANG_WARN_NON_LITERAL_NULL_CONVERSION = YES;
				CLANG_WARN_OBJC_IMPLICIT_RETAIN_SELF = YES;
				CLANG_WARN_OBJC_LITERAL_CONVERSION = YES;
				CLANG_WARN_OBJC_ROOT_CLASS = YES_ERROR;
				CLANG_WARN_QUOTED_INCLUDE_IN_FRAMEWORK_HEADER = YES;
				CLANG_WARN_RANGE_LOOP_ANALYSIS = YES;
				CLANG_WARN_STRICT_PROTOTYPES = YES;
				CLANG_WARN_SUSPICIOUS_MOVE = YES;
				CLANG_WARN_UNGUARDED_AVAILABILITY = YES_AGGRESSIVE;
				CLANG_WARN_UNREACHABLE_CODE = YES;
				CLANG_WARN__DUPLICATE_METHOD_MATCH = YES;
				COPY_PHASE_STRIP = NO;
				DEBUG_INFORMATION_FORMAT = "dwarf-with-dsym";
				ENABLE_NS_ASSERTIONS = NO;
				ENABLE_STRICT_OBJC_MSGSEND = YES;
				GCC_C_LANGUAGE_STANDARD = gnu11;
				GCC_NO_COMMON_BLOCKS = YES;
				GCC_WARN_64_TO_32_BIT_CONVERSION = YES;
				GCC_WARN_ABOUT_RETURN_TYPE = YES_ERROR;
				GCC_WARN_UNDECLARED_SELECTOR = YES;
				GCC_WARN_UNINITIALIZED_AUTOS = YES_AGGRESSIVE;
				GCC_WARN_UNUSED_FUNCTION = YES;
				GCC_WARN_UNUSED_VARIABLE = YES;
				MACOSX_DEPLOYMENT_TARGET = 11.1;
				MTL_ENABLE_DEBUG_INFO = NO;
				MTL_FAST_MATH = YES;
				SDKROOT = macosx;
				SWIFT_COMPILATION_MODE = wholemodule;
				SWIFT_OPTIMIZATION_LEVEL = "-O";
			};
			name = Release;
		};
		EB0F7ACC25E82B2800CA1356 /* Debug */ = {
			isa = XCBuildConfiguration;
			buildSettings = {
				CODE_SIGN_STYLE = Automatic;
				DEVELOPMENT_TEAM = 9469B78B2K;
				ENABLE_HARDENED_RUNTIME = YES;
				PRODUCT_NAME = "$(TARGET_NAME)";
				SWIFT_VERSION = 5.0;
			};
			name = Debug;
		};
		EB0F7ACD25E82B2800CA1356 /* Release */ = {
			isa = XCBuildConfiguration;
			buildSettings = {
				CODE_SIGN_STYLE = Automatic;
				DEVELOPMENT_TEAM = 9469B78B2K;
				ENABLE_HARDENED_RUNTIME = YES;
				PRODUCT_NAME = "$(TARGET_NAME)";
				SWIFT_VERSION = 5.0;
			};
			name = Release;
		};
		EB0F7B0925EB050C00CA1356 /* Debug */ = {
			isa = XCBuildConfiguration;
			buildSettings = {
				CODE_SIGN_STYLE = Automatic;
				COMBINE_HIDPI_IMAGES = YES;
				DEVELOPMENT_TEAM = 9469B78B2K;
				INFOPLIST_FILE = templaterunner_tests/Info.plist;
				LD_RUNPATH_SEARCH_PATHS = (
					"$(inherited)",
					"@executable_path/../Frameworks",
					"@loader_path/../Frameworks",
				);
				PRODUCT_BUNDLE_IDENTIFIER = "se.cjs.templaterunner-tests";
				PRODUCT_NAME = "$(TARGET_NAME)";
				SWIFT_VERSION = 5.0;
			};
			name = Debug;
		};
		EB0F7B0A25EB050C00CA1356 /* Release */ = {
			isa = XCBuildConfiguration;
			buildSettings = {
				CODE_SIGN_STYLE = Automatic;
				COMBINE_HIDPI_IMAGES = YES;
				DEVELOPMENT_TEAM = 9469B78B2K;
				INFOPLIST_FILE = templaterunner_tests/Info.plist;
				LD_RUNPATH_SEARCH_PATHS = (
					"$(inherited)",
					"@executable_path/../Frameworks",
					"@loader_path/../Frameworks",
				);
				PRODUCT_BUNDLE_IDENTIFIER = "se.cjs.templaterunner-tests";
				PRODUCT_NAME = "$(TARGET_NAME)";
				SWIFT_VERSION = 5.0;
			};
			name = Release;
		};
/* End XCBuildConfiguration section */

/* Begin XCConfigurationList section */
		EB0F7ABF25E82B2800CA1356 /* Build configuration list for PBXProject "TemplateRunner" */ = {
			isa = XCConfigurationList;
			buildConfigurations = (
				EB0F7AC925E82B2800CA1356 /* Debug */,
				EB0F7ACA25E82B2800CA1356 /* Release */,
			);
			defaultConfigurationIsVisible = 0;
			defaultConfigurationName = Release;
		};
		EB0F7ACB25E82B2800CA1356 /* Build configuration list for PBXNativeTarget "template-runner" */ = {
			isa = XCConfigurationList;
			buildConfigurations = (
				EB0F7ACC25E82B2800CA1356 /* Debug */,
				EB0F7ACD25E82B2800CA1356 /* Release */,
			);
			defaultConfigurationIsVisible = 0;
			defaultConfigurationName = Release;
		};
		EB0F7B0825EB050C00CA1356 /* Build configuration list for PBXNativeTarget "templaterunner_tests" */ = {
			isa = XCConfigurationList;
			buildConfigurations = (
				EB0F7B0925EB050C00CA1356 /* Debug */,
				EB0F7B0A25EB050C00CA1356 /* Release */,
			);
			defaultConfigurationIsVisible = 0;
			defaultConfigurationName = Release;
		};
/* End XCConfigurationList section */

/* Begin XCRemoteSwiftPackageReference section */
		EB0F7AD525E8305A00CA1356 /* XCRemoteSwiftPackageReference "swift-argument-parser" */ = {
			isa = XCRemoteSwiftPackageReference;
			repositoryURL = "https://github.com/apple/swift-argument-parser";
			requirement = {
				kind = upToNextMajorVersion;
				minimumVersion = 0.3.2;
			};
		};
		EB0F7AFA25EAFEB900CA1356 /* XCRemoteSwiftPackageReference "Stencil" */ = {
			isa = XCRemoteSwiftPackageReference;
			repositoryURL = "https://github.com/stencilproject/Stencil.git";
			requirement = {
				kind = upToNextMajorVersion;
				minimumVersion = 0.14.0;
			};
		};
/* End XCRemoteSwiftPackageReference section */

/* Begin XCSwiftPackageProductDependency section */
		EB0F7AD625E8305A00CA1356 /* ArgumentParser */ = {
			isa = XCSwiftPackageProductDependency;
			package = EB0F7AD525E8305A00CA1356 /* XCRemoteSwiftPackageReference "swift-argument-parser" */;
			productName = ArgumentParser;
		};
		EB0F7AFB25EAFEB900CA1356 /* Stencil */ = {
			isa = XCSwiftPackageProductDependency;
			package = EB0F7AFA25EAFEB900CA1356 /* XCRemoteSwiftPackageReference "Stencil" */;
			productName = Stencil;
		};
/* End XCSwiftPackageProductDependency section */
	};
	rootObject = EB0F7ABC25E82B2800CA1356 /* Project object */;
}
